
Microsoft Visual Studio Solution File, Format Version 12.00
# Visual Studio Version 17
VisualStudioVersion = 17.5.002.0
MinimumVisualStudioVersion = 10.0.40219.1
Project("{9A19103F-16F7-4668-BE54-9A1E7A4F7556}") = "BasicCrudApi", "BasicCrudApi.csproj", "{00FF1BE6-B3E2-4F12-A610-908EA6E9E255}"
EndProject
Global
	GlobalSection(SolutionConfigurationPlatforms) = preSolution
		Debug|Any CPU = Debug|Any CPU
		Release|Any CPU = Release|Any CPU
	EndGlobalSection
	GlobalSection(ProjectConfigurationPlatforms) = postSolution
		{00FF1BE6-B3E2-4F12-A610-908EA6E9E255}.Debug|Any CPU.ActiveCfg = Debug|Any CPU
		{00FF1BE6-B3E2-4F12-A610-908EA6E9E255}.Debug|Any CPU.Build.0 = Debug|Any CPU
		{00FF1BE6-B3E2-4F12-A610-908EA6E9E255}.Release|Any CPU.ActiveCfg = Release|Any CPU
		{00FF1BE6-B3E2-4F12-A610-908EA6E9E255}.Release|Any CPU.Build.0 = Release|Any CPU
	EndGlobalSection
	GlobalSection(SolutionProperties) = preSolution
		HideSolutionNode = FALSE
	EndGlobalSection
	GlobalSection(ExtensibilityGlobals) = postSolution
		SolutionGuid = {CE205E90-E2C4-4943-BAE6-31A32AEC89A8}
	EndGlobalSection
EndGlobal
